
Microsoft Visual Studio Solution File, Format Version 12.00
# Visual Studio 15
VisualStudioVersion = 15.0.28010.2036
MinimumVisualStudioVersion = 10.0.40219.1
Project("{FAE04EC0-301F-11D3-BF4B-00C04F79EFBC}") = "Hackathon_1", "Hackathon_1\Hackathon_1.csproj", "{6975A2A4-058B-4164-B456-335360940709}"
EndProject
Project("{2150E333-8FDC-42A3-9474-1A3956D46DE8}") = "Solution Items", "Solution Items", "{E9B02C4A-3BCC-465D-9621-EE1ADA64E2F8}"
EndProject
Global
	GlobalSection(SolutionConfigurationPlatforms) = preSolution
		Debug|Any CPU = Debug|Any CPU
		Release|Any CPU = Release|Any CPU
	EndGlobalSection
	GlobalSection(ProjectConfigurationPlatforms) = postSolution
		{6975A2A4-058B-4164-B456-335360940709}.Debug|Any CPU.ActiveCfg = Debug|Any CPU
		{6975A2A4-058B-4164-B456-335360940709}.Debug|Any CPU.Build.0 = Debug|Any CPU
		{6975A2A4-058B-4164-B456-335360940709}.Release|Any CPU.ActiveCfg = Release|Any CPU
		{6975A2A4-058B-4164-B456-335360940709}.Release|Any CPU.Build.0 = Release|Any CPU
	EndGlobalSection
	GlobalSection(SolutionProperties) = preSolution
		HideSolutionNode = FALSE
	EndGlobalSection
	GlobalSection(ExtensibilityGlobals) = postSolution
		SolutionGuid = {789D3ED9-48A6-43DA-997E-38BD6889BC3B}
	EndGlobalSection
EndGlobal
